
Microsoft Visual Studio Solution File, Format Version 12.00
# Visual Studio 15
Project("{FAE04EC0-301F-11D3-BF4B-00C04F79EFBC}") = "lc.fitness-pro.library", "lc.fitness-pro.library\lc.fitness-pro.library.csproj", "{FC124603-AED1-488C-9B74-357CF695EDD3}"
EndProject
Project("{FAE04EC0-301F-11D3-BF4B-00C04F79EFBC}") = "lc.library.test", "lc.library.test\lc.library.test.csproj", "{859CFA39-CB5D-4BD2-B776-256D1C4DC58E}"
EndProject
Global
	GlobalSection(SolutionConfigurationPlatforms) = preSolution
		Debug|Any CPU = Debug|Any CPU
		Release|Any CPU = Release|Any CPU
	EndGlobalSection
	GlobalSection(ProjectConfigurationPlatforms) = postSolution
		{FC124603-AED1-488C-9B74-357CF695EDD3}.Debug|Any CPU.ActiveCfg = Debug|Any CPU
		{FC124603-AED1-488C-9B74-357CF695EDD3}.Debug|Any CPU.Build.0 = Debug|Any CPU
		{FC124603-AED1-488C-9B74-357CF695EDD3}.Release|Any CPU.ActiveCfg = Release|Any CPU
		{FC124603-AED1-488C-9B74-357CF695EDD3}.Release|Any CPU.Build.0 = Release|Any CPU
		{859CFA39-CB5D-4BD2-B776-256D1C4DC58E}.Debug|Any CPU.ActiveCfg = Debug|Any CPU
		{859CFA39-CB5D-4BD2-B776-256D1C4DC58E}.Debug|Any CPU.Build.0 = Debug|Any CPU
		{859CFA39-CB5D-4BD2-B776-256D1C4DC58E}.Release|Any CPU.ActiveCfg = Release|Any CPU
		{859CFA39-CB5D-4BD2-B776-256D1C4DC58E}.Release|Any CPU.Build.0 = Release|Any CPU
	EndGlobalSection
	GlobalSection(MonoDevelopProperties) = preSolution
		Policies = $0
		$0.DotNetNamingPolicy = $1
		$1.DirectoryNamespaceAssociation = PrefixedHierarchical
		$0.StandardHeader = $2
		$0.VersionControlPolicy = $3
	EndGlobalSection
EndGlobal
